
Microsoft Visual Studio Solution File, Format Version 12.00
# Visual Studio Version 17
VisualStudioVersion = 17.11.35222.181
MinimumVisualStudioVersion = 10.0.40219.1
Project("{9A19103F-16F7-4668-BE54-9A1E7A4F7556}") = "barber", "barber\cafefinder.csproj", "{1B3ABFC4-6477-4617-BB14-108309473106}"
EndProject
Global
	GlobalSection(SolutionConfigurationPlatforms) = preSolution
		Debug|Any CPU = Debug|Any CPU
		Release|Any CPU = Release|Any CPU
	EndGlobalSection
	GlobalSection(ProjectConfigurationPlatforms) = postSolution
		{1B3ABFC4-6477-4617-BB14-108309473106}.Debug|Any CPU.ActiveCfg = Debug|Any CPU
		{1B3ABFC4-6477-4617-BB14-108309473106}.Debug|Any CPU.Build.0 = Debug|Any CPU
		{1B3ABFC4-6477-4617-BB14-108309473106}.Release|Any CPU.ActiveCfg = Release|Any CPU
		{1B3ABFC4-6477-4617-BB14-108309473106}.Release|Any CPU.Build.0 = Release|Any CPU
	EndGlobalSection
	GlobalSection(SolutionProperties) = preSolution
		HideSolutionNode = FALSE
	EndGlobalSection
	GlobalSection(ExtensibilityGlobals) = postSolution
		SolutionGuid = {BABF952F-149F-4150-97EA-1991485D2E04}
	EndGlobalSection
EndGlobal
